
Microsoft Visual Studio Solution File, Format Version 12.00
# Visual Studio Version 17
VisualStudioVersion = 17.4.33213.308
MinimumVisualStudioVersion = 10.0.40219.1
Project("{FAE04EC0-301F-11D3-BF4B-00C04F79EFBC}") = "GestioneOrdini", "GestioneOrdini\GestioneOrdini.csproj", "{47E664D1-BCAF-47F8-927F-4EFCB323E96D}"
EndProject
Global
	GlobalSection(SolutionConfigurationPlatforms) = preSolution
		Debug|Any CPU = Debug|Any CPU
		Release|Any CPU = Release|Any CPU
	EndGlobalSection
	GlobalSection(ProjectConfigurationPlatforms) = postSolution
		{47E664D1-BCAF-47F8-927F-4EFCB323E96D}.Debug|Any CPU.ActiveCfg = Debug|Any CPU
		{47E664D1-BCAF-47F8-927F-4EFCB323E96D}.Debug|Any CPU.Build.0 = Debug|Any CPU
		{47E664D1-BCAF-47F8-927F-4EFCB323E96D}.Release|Any CPU.ActiveCfg = Release|Any CPU
		{47E664D1-BCAF-47F8-927F-4EFCB323E96D}.Release|Any CPU.Build.0 = Release|Any CPU
	EndGlobalSection
	GlobalSection(SolutionProperties) = preSolution
		HideSolutionNode = FALSE
	EndGlobalSection
	GlobalSection(ExtensibilityGlobals) = postSolution
		SolutionGuid = {28FD8763-E4E6-4219-AEFD-510D530F2A16}
	EndGlobalSection
EndGlobal
